
Microsoft Visual Studio Solution File, Format Version 12.00
# Visual Studio 14
VisualStudioVersion = 14.0.25420.1
MinimumVisualStudioVersion = 10.0.40219.1
Project("{FAE04EC0-301F-11D3-BF4B-00C04F79EFBC}") = "UWP_study", "UWP_study\UWP_study.csproj", "{EBB4888E-86C6-4215-ABE6-E756CB4F5618}"
EndProject
Project("{FAE04EC0-301F-11D3-BF4B-00C04F79EFBC}") = "stacktest", "stacktest\stacktest.csproj", "{4187B2D2-B860-4B0D-A4D0-35229E237331}"
EndProject
Project("{FAE04EC0-301F-11D3-BF4B-00C04F79EFBC}") = "pagenav", "pagenav\pagenav.csproj", "{7E48F952-F165-4E1A-9BCA-78173D951203}"
EndProject
Project("{FAE04EC0-301F-11D3-BF4B-00C04F79EFBC}") = "testgame", "testgame\testgame.csproj", "{06F8FA89-7F1A-48BF-B6D0-B838FA08B00D}"
EndProject
Project("{FAE04EC0-301F-11D3-BF4B-00C04F79EFBC}") = "controlstest", "controlstest\controlstest.csproj", "{AC1A70E4-C2D8-49F4-B967-7B6C559D82A6}"
EndProject
Project("{FAE04EC0-301F-11D3-BF4B-00C04F79EFBC}") = "english_study", "english_study\english_study.csproj", "{DA0F11B1-17BA-4809-8548-19BACEBC1FDC}"
EndProject
Project("{FAE04EC0-301F-11D3-BF4B-00C04F79EFBC}") = "uwpres", "uwpres\uwpres.csproj", "{1790A769-F012-4C28-B407-D3D0FF094092}"
EndProject
Global
	GlobalSection(SolutionConfigurationPlatforms) = preSolution
		Debug|ARM = Debug|ARM
		Debug|x64 = Debug|x64
		Debug|x86 = Debug|x86
		Release|ARM = Release|ARM
		Release|x64 = Release|x64
		Release|x86 = Release|x86
	EndGlobalSection
	GlobalSection(ProjectConfigurationPlatforms) = postSolution
		{EBB4888E-86C6-4215-ABE6-E756CB4F5618}.Debug|ARM.ActiveCfg = Debug|ARM
		{EBB4888E-86C6-4215-ABE6-E756CB4F5618}.Debug|ARM.Build.0 = Debug|ARM
		{EBB4888E-86C6-4215-ABE6-E756CB4F5618}.Debug|ARM.Deploy.0 = Debug|ARM
		{EBB4888E-86C6-4215-ABE6-E756CB4F5618}.Debug|x64.ActiveCfg = Debug|x64
		{EBB4888E-86C6-4215-ABE6-E756CB4F5618}.Debug|x64.Build.0 = Debug|x64
		{EBB4888E-86C6-4215-ABE6-E756CB4F5618}.Debug|x64.Deploy.0 = Debug|x64
		{EBB4888E-86C6-4215-ABE6-E756CB4F5618}.Debug|x86.ActiveCfg = Debug|x86
		{EBB4888E-86C6-4215-ABE6-E756CB4F5618}.Debug|x86.Build.0 = Debug|x86
		{EBB4888E-86C6-4215-ABE6-E756CB4F5618}.Debug|x86.Deploy.0 = Debug|x86
		{EBB4888E-86C6-4215-ABE6-E756CB4F5618}.Release|ARM.ActiveCfg = Release|ARM
		{EBB4888E-86C6-4215-ABE6-E756CB4F5618}.Release|ARM.Build.0 = Release|ARM
		{EBB4888E-86C6-4215-ABE6-E756CB4F5618}.Release|ARM.Deploy.0 = Release|ARM
		{EBB4888E-86C6-4215-ABE6-E756CB4F5618}.Release|x64.ActiveCfg = Release|x64
		{EBB4888E-86C6-4215-ABE6-E756CB4F5618}.Release|x64.Build.0 = Release|x64
		{EBB4888E-86C6-4215-ABE6-E756CB4F5618}.Release|x64.Deploy.0 = Release|x64
		{EBB4888E-86C6-4215-ABE6-E756CB4F5618}.Release|x86.ActiveCfg = Release|x86
		{EBB4888E-86C6-4215-ABE6-E756CB4F5618}.Release|x86.Build.0 = Release|x86
		{EBB4888E-86C6-4215-ABE6-E756CB4F5618}.Release|x86.Deploy.0 = Release|x86
		{4187B2D2-B860-4B0D-A4D0-35229E237331}.Debug|ARM.ActiveCfg = Debug|ARM
		{4187B2D2-B860-4B0D-A4D0-35229E237331}.Debug|ARM.Build.0 = Debug|ARM
		{4187B2D2-B860-4B0D-A4D0-35229E237331}.Debug|ARM.Deploy.0 = Debug|ARM
		{4187B2D2-B860-4B0D-A4D0-35229E237331}.Debug|x64.ActiveCfg = Debug|x64
		{4187B2D2-B860-4B0D-A4D0-35229E237331}.Debug|x64.Build.0 = Debug|x64
		{4187B2D2-B860-4B0D-A4D0-35229E237331}.Debug|x64.Deploy.0 = Debug|x64
		{4187B2D2-B860-4B0D-A4D0-35229E237331}.Debug|x86.ActiveCfg = Debug|x86
		{4187B2D2-B860-4B0D-A4D0-35229E237331}.Debug|x86.Build.0 = Debug|x86
		{4187B2D2-B860-4B0D-A4D0-35229E237331}.Debug|x86.Deploy.0 = Debug|x86
		{4187B2D2-B860-4B0D-A4D0-35229E237331}.Release|ARM.ActiveCfg = Release|ARM
		{4187B2D2-B860-4B0D-A4D0-35229E237331}.Release|ARM.Build.0 = Release|ARM
		{4187B2D2-B860-4B0D-A4D0-35229E237331}.Release|ARM.Deploy.0 = Release|ARM
		{4187B2D2-B860-4B0D-A4D0-35229E237331}.Release|x64.ActiveCfg = Release|x64
		{4187B2D2-B860-4B0D-A4D0-35229E237331}.Release|x64.Build.0 = Release|x64
		{4187B2D2-B860-4B0D-A4D0-35229E237331}.Release|x64.Deploy.0 = Release|x64
		{4187B2D2-B860-4B0D-A4D0-35229E237331}.Release|x86.ActiveCfg = Release|x86
		{4187B2D2-B860-4B0D-A4D0-35229E237331}.Release|x86.Build.0 = Release|x86
		{4187B2D2-B860-4B0D-A4D0-35229E237331}.Release|x86.Deploy.0 = Release|x86
		{7E48F952-F165-4E1A-9BCA-78173D951203}.Debug|ARM.ActiveCfg = Debug|ARM
		{7E48F952-F165-4E1A-9BCA-78173D951203}.Debug|ARM.Build.0 = Debug|ARM
		{7E48F952-F165-4E1A-9BCA-78173D951203}.Debug|ARM.Deploy.0 = Debug|ARM
		{7E48F952-F165-4E1A-9BCA-78173D951203}.Debug|x64.ActiveCfg = Debug|x64
		{7E48F952-F165-4E1A-9BCA-78173D951203}.Debug|x64.Build.0 = Debug|x64
		{7E48F952-F165-4E1A-9BCA-78173D951203}.Debug|x64.Deploy.0 = Debug|x64
		{7E48F952-F165-4E1A-9BCA-78173D951203}.Debug|x86.ActiveCfg = Debug|x86
		{7E48F952-F165-4E1A-9BCA-78173D951203}.Debug|x86.Build.0 = Debug|x86
		{7E48F952-F165-4E1A-9BCA-78173D951203}.Debug|x86.Deploy.0 = Debug|x86
		{7E48F952-F165-4E1A-9BCA-78173D951203}.Release|ARM.ActiveCfg = Release|ARM
		{7E48F952-F165-4E1A-9BCA-78173D951203}.Release|ARM.Build.0 = Release|ARM
		{7E48F952-F165-4E1A-9BCA-78173D951203}.Release|ARM.Deploy.0 = Release|ARM
		{7E48F952-F165-4E1A-9BCA-78173D951203}.Release|x64.ActiveCfg = Release|x64
		{7E48F952-F165-4E1A-9BCA-78173D951203}.Release|x64.Build.0 = Release|x64
		{7E48F952-F165-4E1A-9BCA-78173D951203}.Release|x64.Deploy.0 = Release|x64
		{7E48F952-F165-4E1A-9BCA-78173D951203}.Release|x86.ActiveCfg = Release|x86
		{7E48F952-F165-4E1A-9BCA-78173D951203}.Release|x86.Build.0 = Release|x86
		{7E48F952-F165-4E1A-9BCA-78173D951203}.Release|x86.Deploy.0 = Release|x86
		{06F8FA89-7F1A-48BF-B6D0-B838FA08B00D}.Debug|ARM.ActiveCfg = Debug|ARM
		{06F8FA89-7F1A-48BF-B6D0-B838FA08B00D}.Debug|ARM.Build.0 = Debug|ARM
		{06F8FA89-7F1A-48BF-B6D0-B838FA08B00D}.Debug|ARM.Deploy.0 = Debug|ARM
		{06F8FA89-7F1A-48BF-B6D0-B838FA08B00D}.Debug|x64.ActiveCfg = Debug|x64
		{06F8FA89-7F1A-48BF-B6D0-B838FA08B00D}.Debug|x64.Build.0 = Debug|x64
		{06F8FA89-7F1A-48BF-B6D0-B838FA08B00D}.Debug|x64.Deploy.0 = Debug|x64
		{06F8FA89-7F1A-48BF-B6D0-B838FA08B00D}.Debug|x86.ActiveCfg = Debug|x86
		{06F8FA89-7F1A-48BF-B6D0-B838FA08B00D}.Debug|x86.Build.0 = Debug|x86
		{06F8FA89-7F1A-48BF-B6D0-B838FA08B00D}.Debug|x86.Deploy.0 = Debug|x86
		{06F8FA89-7F1A-48BF-B6D0-B838FA08B00D}.Release|ARM.ActiveCfg = Release|ARM
		{06F8FA89-7F1A-48BF-B6D0-B838FA08B00D}.Release|ARM.Build.0 = Release|ARM
		{06F8FA89-7F1A-48BF-B6D0-B838FA08B00D}.Release|ARM.Deploy.0 = Release|ARM
		{06F8FA89-7F1A-48BF-B6D0-B838FA08B00D}.Release|x64.ActiveCfg = Release|x64
		{06F8FA89-7F1A-48BF-B6D0-B838FA08B00D}.Release|x64.Build.0 = Release|x64
		{06F8FA89-7F1A-48BF-B6D0-B838FA08B00D}.Release|x64.Deploy.0 = Release|x64
		{06F8FA89-7F1A-48BF-B6D0-B838FA08B00D}.Release|x86.ActiveCfg = Release|x86
		{06F8FA89-7F1A-48BF-B6D0-B838FA08B00D}.Release|x86.Build.0 = Release|x86
		{06F8FA89-7F1A-48BF-B6D0-B838FA08B00D}.Release|x86.Deploy.0 = Release|x86
		{AC1A70E4-C2D8-49F4-B967-7B6C559D82A6}.Debug|ARM.ActiveCfg = Debug|ARM
		{AC1A70E4-C2D8-49F4-B967-7B6C559D82A6}.Debug|ARM.Build.0 = Debug|ARM
		{AC1A70E4-C2D8-49F4-B967-7B6C559D82A6}.Debug|ARM.Deploy.0 = Debug|ARM
		{AC1A70E4-C2D8-49F4-B967-7B6C559D82A6}.Debug|x64.ActiveCfg = Debug|x64
		{AC1A70E4-C2D8-49F4-B967-7B6C559D82A6}.Debug|x64.Build.0 = Debug|x64
		{AC1A70E4-C2D8-49F4-B967-7B6C559D82A6}.Debug|x64.Deploy.0 = Debug|x64
		{AC1A70E4-C2D8-49F4-B967-7B6C559D82A6}.Debug|x86.ActiveCfg = Debug|x86
		{AC1A70E4-C2D8-49F4-B967-7B6C559D82A6}.Debug|x86.Build.0 = Debug|x86
		{AC1A70E4-C2D8-49F4-B967-7B6C559D82A6}.Debug|x86.Deploy.0 = Debug|x86
		{AC1A70E4-C2D8-49F4-B967-7B6C559D82A6}.Release|ARM.ActiveCfg = Release|ARM
		{AC1A70E4-C2D8-49F4-B967-7B6C559D82A6}.Release|ARM.Build.0 = Release|ARM
		{AC1A70E4-C2D8-49F4-B967-7B6C559D82A6}.Release|ARM.Deploy.0 = Release|ARM
		{AC1A70E4-C2D8-49F4-B967-7B6C559D82A6}.Release|x64.ActiveCfg = Release|x64
		{AC1A70E4-C2D8-49F4-B967-7B6C559D82A6}.Release|x64.Build.0 = Release|x64
		{AC1A70E4-C2D8-49F4-B967-7B6C559D82A6}.Release|x64.Deploy.0 = Release|x64
		{AC1A70E4-C2D8-49F4-B967-7B6C559D82A6}.Release|x86.ActiveCfg = Release|x86
		{AC1A70E4-C2D8-49F4-B967-7B6C559D82A6}.Release|x86.Build.0 = Release|x86
		{AC1A70E4-C2D8-49F4-B967-7B6C559D82A6}.Release|x86.Deploy.0 = Release|x86
		{DA0F11B1-17BA-4809-8548-19BACEBC1FDC}.Debug|ARM.ActiveCfg = Debug|ARM
		{DA0F11B1-17BA-4809-8548-19BACEBC1FDC}.Debug|ARM.Build.0 = Debug|ARM
		{DA0F11B1-17BA-4809-8548-19BACEBC1FDC}.Debug|ARM.Deploy.0 = Debug|ARM
		{DA0F11B1-17BA-4809-8548-19BACEBC1FDC}.Debug|x64.ActiveCfg = Debug|x64
		{DA0F11B1-17BA-4809-8548-19BACEBC1FDC}.Debug|x64.Build.0 = Debug|x64
		{DA0F11B1-17BA-4809-8548-19BACEBC1FDC}.Debug|x64.Deploy.0 = Debug|x64
		{DA0F11B1-17BA-4809-8548-19BACEBC1FDC}.Debug|x86.ActiveCfg = Debug|x86
		{DA0F11B1-17BA-4809-8548-19BACEBC1FDC}.Debug|x86.Build.0 = Debug|x86
		{DA0F11B1-17BA-4809-8548-19BACEBC1FDC}.Debug|x86.Deploy.0 = Debug|x86
		{DA0F11B1-17BA-4809-8548-19BACEBC1FDC}.Release|ARM.ActiveCfg = Release|ARM
		{DA0F11B1-17BA-4809-8548-19BACEBC1FDC}.Release|ARM.Build.0 = Release|ARM
		{DA0F11B1-17BA-4809-8548-19BACEBC1FDC}.Release|ARM.Deploy.0 = Release|ARM
		{DA0F11B1-17BA-4809-8548-19BACEBC1FDC}.Release|x64.ActiveCfg = Release|x64
		{DA0F11B1-17BA-4809-8548-19BACEBC1FDC}.Release|x64.Build.0 = Release|x64
		{DA0F11B1-17BA-4809-8548-19BACEBC1FDC}.Release|x64.Deploy.0 = Release|x64
		{DA0F11B1-17BA-4809-8548-19BACEBC1FDC}.Release|x86.ActiveCfg = Release|x86
		{DA0F11B1-17BA-4809-8548-19BACEBC1FDC}.Release|x86.Build.0 = Release|x86
		{DA0F11B1-17BA-4809-8548-19BACEBC1FDC}.Release|x86.Deploy.0 = Release|x86
		{1790A769-F012-4C28-B407-D3D0FF094092}.Debug|ARM.ActiveCfg = Debug|ARM
		{1790A769-F012-4C28-B407-D3D0FF094092}.Debug|ARM.Build.0 = Debug|ARM
		{1790A769-F012-4C28-B407-D3D0FF094092}.Debug|ARM.Deploy.0 = Debug|ARM
		{1790A769-F012-4C28-B407-D3D0FF094092}.Debug|x64.ActiveCfg = Debug|x64
		{1790A769-F012-4C28-B407-D3D0FF094092}.Debug|x64.Build.0 = Debug|x64
		{1790A769-F012-4C28-B407-D3D0FF094092}.Debug|x64.Deploy.0 = Debug|x64
		{1790A769-F012-4C28-B407-D3D0FF094092}.Debug|x86.ActiveCfg = Debug|x86
		{1790A769-F012-4C28-B407-D3D0FF094092}.Debug|x86.Build.0 = Debug|x86
		{1790A769-F012-4C28-B407-D3D0FF094092}.Debug|x86.Deploy.0 = Debug|x86
		{1790A769-F012-4C28-B407-D3D0FF094092}.Release|ARM.ActiveCfg = Release|ARM
		{1790A769-F012-4C28-B407-D3D0FF094092}.Release|ARM.Build.0 = Release|ARM
		{1790A769-F012-4C28-B407-D3D0FF094092}.Release|ARM.Deploy.0 = Release|ARM
		{1790A769-F012-4C28-B407-D3D0FF094092}.Release|x64.ActiveCfg = Release|x64
		{1790A769-F012-4C28-B407-D3D0FF094092}.Release|x64.Build.0 = Release|x64
		{1790A769-F012-4C28-B407-D3D0FF094092}.Release|x64.Deploy.0 = Release|x64
		{1790A769-F012-4C28-B407-D3D0FF094092}.Release|x86.ActiveCfg = Release|x86
		{1790A769-F012-4C28-B407-D3D0FF094092}.Release|x86.Build.0 = Release|x86
		{1790A769-F012-4C28-B407-D3D0FF094092}.Release|x86.Deploy.0 = Release|x86
	EndGlobalSection
	GlobalSection(SolutionProperties) = preSolution
		HideSolutionNode = FALSE
	EndGlobalSection
EndGlobal
